
Microsoft Visual Studio Solution File, Format Version 12.00
Project("{FAE04EC0-301F-11D3-BF4B-00C04F79EFBC}") = "CLient", "CLient\CLient.csproj", "{98D1332B-C364-47DF-823C-0269BF2BDCA5}"
EndProject
Project("{FAE04EC0-301F-11D3-BF4B-00C04F79EFBC}") = "Server", "Server\Server.csproj", "{45D6FAB8-968E-432D-A4A5-5538ACE8117A}"
EndProject
Global
	GlobalSection(SolutionConfigurationPlatforms) = preSolution
		Debug|Any CPU = Debug|Any CPU
		Release|Any CPU = Release|Any CPU
	EndGlobalSection
	GlobalSection(ProjectConfigurationPlatforms) = postSolution
		{98D1332B-C364-47DF-823C-0269BF2BDCA5}.Debug|Any CPU.ActiveCfg = Debug|Any CPU
		{98D1332B-C364-47DF-823C-0269BF2BDCA5}.Debug|Any CPU.Build.0 = Debug|Any CPU
		{98D1332B-C364-47DF-823C-0269BF2BDCA5}.Release|Any CPU.ActiveCfg = Release|Any CPU
		{98D1332B-C364-47DF-823C-0269BF2BDCA5}.Release|Any CPU.Build.0 = Release|Any CPU
		{45D6FAB8-968E-432D-A4A5-5538ACE8117A}.Debug|Any CPU.ActiveCfg = Debug|Any CPU
		{45D6FAB8-968E-432D-A4A5-5538ACE8117A}.Debug|Any CPU.Build.0 = Debug|Any CPU
		{45D6FAB8-968E-432D-A4A5-5538ACE8117A}.Release|Any CPU.ActiveCfg = Release|Any CPU
		{45D6FAB8-968E-432D-A4A5-5538ACE8117A}.Release|Any CPU.Build.0 = Release|Any CPU
	EndGlobalSection
EndGlobal
